Microsoft Visual Studio Solution File, Format Version 12.00
# Visual Studio Version 17
VisualStudioVersion = 17.5.33502.453
MinimumVisualStudioVersion = 10.0.40219.1
Project("{2150E333-8FDC-42A3-9474-1A3956D46DE8}") = "Infrastructures", "Infrastructures", "{C7ACADA2-BA6C-4260-AD55-62823CCA6814}"
EndProject
Project("{9A19103F-16F7-4668-BE54-9A1E7A4F7556}") = "RuntimeCaching", "..\..\Infrastructures\RuntimeCaching\RuntimeCaching.csproj", "{7675A898-4F47-4273-A9B7-431CC378BC34}"
EndProject
Project("{9A19103F-16F7-4668-BE54-9A1E7A4F7556}") = "Common", "..\..\Infrastructures\Common\Common.csproj", "{88705B55-292E-45B1-AEE1-18EE034588C2}"
EndProject
Project("{9A19103F-16F7-4668-BE54-9A1E7A4F7556}") = "Full.NUnitTest", "Full.NUnitTest\Full.NUnitTest.csproj", "{D8C5A979-8774-45D1-8702-CD08782838BF}"
EndProject
Project("{9A19103F-16F7-4668-BE54-9A1E7A4F7556}") = "NetHttp", "..\..\Infrastructures\NetHttp\NetHttp.csproj", "{FCBCF3AA-2123-4618-A77B-257D93EF2D22}"
EndProject
Project("{9A19103F-16F7-4668-BE54-9A1E7A4F7556}") = "Indicators", "..\..\Infrastructures\Indicators\Indicators.csproj", "{F8F2A1C7-4F5B-44D6-8260-7F1F211EFE33}"
EndProject
Project("{9A19103F-16F7-4668-BE54-9A1E7A4F7556}") = "Consoles", "..\..\Infrastructures\Consoles\Consoles.csproj", "{60E9A549-8DE8-427B-B1BC-ED6F42141F35}"
EndProject
Project("{9A19103F-16F7-4668-BE54-9A1E7A4F7556}") = "Charts", "..\..\Infrastructures\Charts\Charts.csproj", "{E2F68C72-224F-4B16-BA9C-944CA46A8714}"
EndProject
Project("{9A19103F-16F7-4668-BE54-9A1E7A4F7556}") = "PlatformInvoke", "..\..\Infrastructures\PlatformInvoke\PlatformInvoke.csproj", "{30EBA88C-483E-47E5-9275-CE8880864815}"
EndProject
Project("{9A19103F-16F7-4668-BE54-9A1E7A4F7556}") = "NetMail", "..\..\Infrastructures\NetMail\NetMail.csproj", "{82346004-E9B1-45D6-9217-850998E8531C}"
EndProject
Project("{2150E333-8FDC-42A3-9474-1A3956D46DE8}") = "Productions", "Productions", "{08CD8597-BABF-44A5-BD79-E74D6A469005}"
EndProject
Project("{2150E333-8FDC-42A3-9474-1A3956D46DE8}") = "Casino", "Casino", "{66712823-0C8C-4FF7-A85E-9BE4A82BDFF8}"
EndProject
Project("{9A19103F-16F7-4668-BE54-9A1E7A4F7556}") = "Contracts", "..\..\Productions\Casino\Contracts\Contracts.csproj", "{D51D9D1C-FD15-462F-8175-622D5EFA34AA}"
EndProject
Project("{9A19103F-16F7-4668-BE54-9A1E7A4F7556}") = "SignalRClient", "..\..\Infrastructures\SignalRClient\SignalRClient.csproj", "{2B4E95F8-B077-45B0-AEBA-312984169CFE}"
EndProject
Project("{9A19103F-16F7-4668-BE54-9A1E7A4F7556}") = "D7", "D7\D7.csproj", "{FB7882B2-E0AA-4447-A58C-F375E42736A0}"
EndProject
Project("{9A19103F-16F7-4668-BE54-9A1E7A4F7556}") = "CcaAndReport", "..\..\Productions\Casino\CcaAndReport\CcaAndReport.csproj", "{5D966B57-A497-4670-A33F-9B87BFFF711D}"
EndProject
Project("{9A19103F-16F7-4668-BE54-9A1E7A4F7556}") = "NativeLibs", "..\..\Infrastructures\NativeLibs\NativeLibs.csproj", "{78448B65-C3FB-4AFF-954B-24A0C5E4E566}"
EndProject
Project("{9A19103F-16F7-4668-BE54-9A1E7A4F7556}") = "DataPersist", "..\..\Infrastructures\DataPersist\DataPersist.csproj", "{B01939C1-96EB-41B2-AB7C-761E812A81A7}"
EndProject
Project("{2150E333-8FDC-42A3-9474-1A3956D46DE8}") = "Particulars", "Particulars", "{D99C8F59-E3D0-41B9-AD87-5013FE9D5C0D}"
EndProject
Project("{9A19103F-16F7-4668-BE54-9A1E7A4F7556}") = "UtilizeRedis", "..\..\Particulars\UtilizeRedis\UtilizeRedis.csproj", "{8F50C4CC-D7F5-414F-8865-4B686586699B}"
EndProject
Global
	GlobalSection(SolutionConfigurationPlatforms) = preSolution
		Debug|Any CPU = Debug|Any CPU
		Release|Any CPU = Release|Any CPU
	EndGlobalSection
	GlobalSection(ProjectConfigurationPlatforms) = postSolution
		{7675A898-4F47-4273-A9B7-431CC378BC34}.Debug|Any CPU.ActiveCfg = Debug|Any CPU
		{7675A898-4F47-4273-A9B7-431CC378BC34}.Debug|Any CPU.Build.0 = Debug|Any CPU
		{7675A898-4F47-4273-A9B7-431CC378BC34}.Release|Any CPU.ActiveCfg = Release|Any CPU
		{7675A898-4F47-4273-A9B7-431CC378BC34}.Release|Any CPU.Build.0 = Release|Any CPU
		{88705B55-292E-45B1-AEE1-18EE034588C2}.Debug|Any CPU.ActiveCfg = Debug|Any CPU
		{88705B55-292E-45B1-AEE1-18EE034588C2}.Debug|Any CPU.Build.0 = Debug|Any CPU
		{88705B55-292E-45B1-AEE1-18EE034588C2}.Release|Any CPU.ActiveCfg = Release|Any CPU
		{88705B55-292E-45B1-AEE1-18EE034588C2}.Release|Any CPU.Build.0 = Release|Any CPU
		{D8C5A979-8774-45D1-8702-CD08782838BF}.Debug|Any CPU.ActiveCfg = Debug|Any CPU
		{D8C5A979-8774-45D1-8702-CD08782838BF}.Debug|Any CPU.Build.0 = Debug|Any CPU
		{D8C5A979-8774-45D1-8702-CD08782838BF}.Release|Any CPU.ActiveCfg = Release|Any CPU
		{D8C5A979-8774-45D1-8702-CD08782838BF}.Release|Any CPU.Build.0 = Release|Any CPU
		{FCBCF3AA-2123-4618-A77B-257D93EF2D22}.Debug|Any CPU.ActiveCfg = Debug|Any CPU
		{FCBCF3AA-2123-4618-A77B-257D93EF2D22}.Debug|Any CPU.Build.0 = Debug|Any CPU
		{FCBCF3AA-2123-4618-A77B-257D93EF2D22}.Release|Any CPU.ActiveCfg = Release|Any CPU
		{FCBCF3AA-2123-4618-A77B-257D93EF2D22}.Release|Any CPU.Build.0 = Release|Any CPU
		{F8F2A1C7-4F5B-44D6-8260-7F1F211EFE33}.Debug|Any CPU.ActiveCfg = Debug|Any CPU
		{F8F2A1C7-4F5B-44D6-8260-7F1F211EFE33}.Debug|Any CPU.Build.0 = Debug|Any CPU
		{F8F2A1C7-4F5B-44D6-8260-7F1F211EFE33}.Release|Any CPU.ActiveCfg = Release|Any CPU
		{F8F2A1C7-4F5B-44D6-8260-7F1F211EFE33}.Release|Any CPU.Build.0 = Release|Any CPU
		{60E9A549-8DE8-427B-B1BC-ED6F42141F35}.Debug|Any CPU.ActiveCfg = Debug|Any CPU
		{60E9A549-8DE8-427B-B1BC-ED6F42141F35}.Debug|Any CPU.Build.0 = Debug|Any CPU
		{60E9A549-8DE8-427B-B1BC-ED6F42141F35}.Release|Any CPU.ActiveCfg = Release|Any CPU
		{60E9A549-8DE8-427B-B1BC-ED6F42141F35}.Release|Any CPU.Build.0 = Release|Any CPU
		{E2F68C72-224F-4B16-BA9C-944CA46A8714}.Debug|Any CPU.ActiveCfg = Debug|Any CPU
		{E2F68C72-224F-4B16-BA9C-944CA46A8714}.Debug|Any CPU.Build.0 = Debug|Any CPU
		{E2F68C72-224F-4B16-BA9C-944CA46A8714}.Release|Any CPU.ActiveCfg = Release|Any CPU
		{E2F68C72-224F-4B16-BA9C-944CA46A8714}.Release|Any CPU.Build.0 = Release|Any CPU
		{30EBA88C-483E-47E5-9275-CE8880864815}.Debug|Any CPU.ActiveCfg = Debug|Any CPU
		{30EBA88C-483E-47E5-9275-CE8880864815}.Debug|Any CPU.Build.0 = Debug|Any CPU
		{30EBA88C-483E-47E5-9275-CE8880864815}.Release|Any CPU.ActiveCfg = Release|Any CPU
		{30EBA88C-483E-47E5-9275-CE8880864815}.Release|Any CPU.Build.0 = Release|Any CPU
		{82346004-E9B1-45D6-9217-850998E8531C}.Debug|Any CPU.ActiveCfg = Debug|Any CPU
		{82346004-E9B1-45D6-9217-850998E8531C}.Debug|Any CPU.Build.0 = Debug|Any CPU
		{82346004-E9B1-45D6-9217-850998E8531C}.Release|Any CPU.ActiveCfg = Release|Any CPU
		{82346004-E9B1-45D6-9217-850998E8531C}.Release|Any CPU.Build.0 = Release|Any CPU
		{D51D9D1C-FD15-462F-8175-622D5EFA34AA}.Debug|Any CPU.ActiveCfg = Debug|Any CPU
		{D51D9D1C-FD15-462F-8175-622D5EFA34AA}.Debug|Any CPU.Build.0 = Debug|Any CPU
		{D51D9D1C-FD15-462F-8175-622D5EFA34AA}.Release|Any CPU.ActiveCfg = Release|Any CPU
		{D51D9D1C-FD15-462F-8175-622D5EFA34AA}.Release|Any CPU.Build.0 = Release|Any CPU
		{2B4E95F8-B077-45B0-AEBA-312984169CFE}.Debug|Any CPU.ActiveCfg = Debug|Any CPU
		{2B4E95F8-B077-45B0-AEBA-312984169CFE}.Debug|Any CPU.Build.0 = Debug|Any CPU
		{2B4E95F8-B077-45B0-AEBA-312984169CFE}.Release|Any CPU.ActiveCfg = Release|Any CPU
		{2B4E95F8-B077-45B0-AEBA-312984169CFE}.Release|Any CPU.Build.0 = Release|Any CPU
		{FB7882B2-E0AA-4447-A58C-F375E42736A0}.Debug|Any CPU.ActiveCfg = Debug|Any CPU
		{FB7882B2-E0AA-4447-A58C-F375E42736A0}.Debug|Any CPU.Build.0 = Debug|Any CPU
		{FB7882B2-E0AA-4447-A58C-F375E42736A0}.Release|Any CPU.ActiveCfg = Release|Any CPU
		{FB7882B2-E0AA-4447-A58C-F375E42736A0}.Release|Any CPU.Build.0 = Release|Any CPU
		{5D966B57-A497-4670-A33F-9B87BFFF711D}.Debug|Any CPU.ActiveCfg = Debug|Any CPU
		{5D966B57-A497-4670-A33F-9B87BFFF711D}.Debug|Any CPU.Build.0 = Debug|Any CPU
		{5D966B57-A497-4670-A33F-9B87BFFF711D}.Release|Any CPU.ActiveCfg = Release|Any CPU
		{5D966B57-A497-4670-A33F-9B87BFFF711D}.Release|Any CPU.Build.0 = Release|Any CPU
		{78448B65-C3FB-4AFF-954B-24A0C5E4E566}.Debug|Any CPU.ActiveCfg = Debug|Any CPU
		{78448B65-C3FB-4AFF-954B-24A0C5E4E566}.Debug|Any CPU.Build.0 = Debug|Any CPU
		{78448B65-C3FB-4AFF-954B-24A0C5E4E566}.Release|Any CPU.ActiveCfg = Release|Any CPU
		{78448B65-C3FB-4AFF-954B-24A0C5E4E566}.Release|Any CPU.Build.0 = Release|Any CPU
		{B01939C1-96EB-41B2-AB7C-761E812A81A7}.Debug|Any CPU.ActiveCfg = Debug|Any CPU
		{B01939C1-96EB-41B2-AB7C-761E812A81A7}.Debug|Any CPU.Build.0 = Debug|Any CPU
		{B01939C1-96EB-41B2-AB7C-761E812A81A7}.Release|Any CPU.ActiveCfg = Release|Any CPU
		{B01939C1-96EB-41B2-AB7C-761E812A81A7}.Release|Any CPU.Build.0 = Release|Any CPU
		{8F50C4CC-D7F5-414F-8865-4B686586699B}.Debug|Any CPU.ActiveCfg = Debug|Any CPU
		{8F50C4CC-D7F5-414F-8865-4B686586699B}.Debug|Any CPU.Build.0 = Debug|Any CPU
		{8F50C4CC-D7F5-414F-8865-4B686586699B}.Release|Any CPU.ActiveCfg = Release|Any CPU
		{8F50C4CC-D7F5-414F-8865-4B686586699B}.Release|Any CPU.Build.0 = Release|Any CPU
	EndGlobalSection
	GlobalSection(SolutionProperties) = preSolution
		HideSolutionNode = FALSE
	EndGlobalSection
	GlobalSection(NestedProjects) = preSolution
		{7675A898-4F47-4273-A9B7-431CC378BC34} = {C7ACADA2-BA6C-4260-AD55-62823CCA6814}
		{88705B55-292E-45B1-AEE1-18EE034588C2} = {C7ACADA2-BA6C-4260-AD55-62823CCA6814}
		{FCBCF3AA-2123-4618-A77B-257D93EF2D22} = {C7ACADA2-BA6C-4260-AD55-62823CCA6814}
		{F8F2A1C7-4F5B-44D6-8260-7F1F211EFE33} = {C7ACADA2-BA6C-4260-AD55-62823CCA6814}
		{60E9A549-8DE8-427B-B1BC-ED6F42141F35} = {C7ACADA2-BA6C-4260-AD55-62823CCA6814}
		{E2F68C72-224F-4B16-BA9C-944CA46A8714} = {C7ACADA2-BA6C-4260-AD55-62823CCA6814}
		{30EBA88C-483E-47E5-9275-CE8880864815} = {C7ACADA2-BA6C-4260-AD55-62823CCA6814}
		{82346004-E9B1-45D6-9217-850998E8531C} = {C7ACADA2-BA6C-4260-AD55-62823CCA6814}
		{66712823-0C8C-4FF7-A85E-9BE4A82BDFF8} = {08CD8597-BABF-44A5-BD79-E74D6A469005}
		{D51D9D1C-FD15-462F-8175-622D5EFA34AA} = {66712823-0C8C-4FF7-A85E-9BE4A82BDFF8}
		{2B4E95F8-B077-45B0-AEBA-312984169CFE} = {C7ACADA2-BA6C-4260-AD55-62823CCA6814}
		{5D966B57-A497-4670-A33F-9B87BFFF711D} = {66712823-0C8C-4FF7-A85E-9BE4A82BDFF8}
		{78448B65-C3FB-4AFF-954B-24A0C5E4E566} = {C7ACADA2-BA6C-4260-AD55-62823CCA6814}
		{B01939C1-96EB-41B2-AB7C-761E812A81A7} = {C7ACADA2-BA6C-4260-AD55-62823CCA6814}
		{8F50C4CC-D7F5-414F-8865-4B686586699B} = {D99C8F59-E3D0-41B9-AD87-5013FE9D5C0D}
	EndGlobalSection
	GlobalSection(ExtensibilityGlobals) = postSolution
		SolutionGuid = {0411A79E-D9D7-4686-8190-6E05F219E28D}
	EndGlobalSection
EndGlobal
