
Microsoft Visual Studio Solution File, Format Version 12.00
# Visual Studio Version 17
VisualStudioVersion = 17.5.33502.453
MinimumVisualStudioVersion = 10.0.40219.1
Project("{2150E333-8FDC-42A3-9474-1A3956D46DE8}") = "Libs", "Libs", "{C7ACADA2-BA6C-4260-AD55-62823CCA6814}"
EndProject
Project("{9A19103F-16F7-4668-BE54-9A1E7A4F7556}") = "RuntimeCaching", "..\..\Libs\RuntimeCaching\RuntimeCaching.csproj", "{7675A898-4F47-4273-A9B7-431CC378BC34}"
EndProject
Project("{2150E333-8FDC-42A3-9474-1A3956D46DE8}") = "Sites", "Sites", "{A1CCF12E-F3DA-4A4F-9FD3-56B20DB9728B}"
EndProject
Project("{9A19103F-16F7-4668-BE54-9A1E7A4F7556}") = "ViaTushare", "..\..\Sites\ViaTushare\ViaTushare.csproj", "{70E3C88E-8BA7-404F-B801-E23B55DBAD4F}"
EndProject
Project("{9A19103F-16F7-4668-BE54-9A1E7A4F7556}") = "Common", "..\..\Libs\Common\Common.csproj", "{88705B55-292E-45B1-AEE1-18EE034588C2}"
EndProject
Project("{FAE04EC0-301F-11D3-BF4B-00C04F79EFBC}") = "Demo", "Demo\Demo.csproj", "{EDB28AE2-1B3F-4492-8AD4-945F18B2DDCA}"
EndProject
Project("{9A19103F-16F7-4668-BE54-9A1E7A4F7556}") = "Full.NUnitTest", "Full.NUnitTest\Full.NUnitTest.csproj", "{D8C5A979-8774-45D1-8702-CD08782838BF}"
EndProject
Project("{9A19103F-16F7-4668-BE54-9A1E7A4F7556}") = "NetHttp", "..\..\Libs\NetHttp\NetHttp.csproj", "{FCBCF3AA-2123-4618-A77B-257D93EF2D22}"
EndProject
Project("{9A19103F-16F7-4668-BE54-9A1E7A4F7556}") = "Indicators", "..\..\Libs\Indicators\Indicators.csproj", "{F8F2A1C7-4F5B-44D6-8260-7F1F211EFE33}"
EndProject
Project("{9A19103F-16F7-4668-BE54-9A1E7A4F7556}") = "ViaNetease", "..\..\Sites\ViaNetease\ViaNetease.csproj", "{0C54C9EE-DEDA-4189-BA6B-AE819A998CD5}"
EndProject
Project("{9A19103F-16F7-4668-BE54-9A1E7A4F7556}") = "ViaEastmoney", "..\..\Sites\ViaEastmoney\ViaEastmoney.csproj", "{1B52A8D2-07BF-410B-BC97-F3D58B71E203}"
EndProject
Project("{9A19103F-16F7-4668-BE54-9A1E7A4F7556}") = "ViaYuncaijing", "..\..\Sites\ViaYuncaijing\ViaYuncaijing.csproj", "{FEBE2C8C-799E-4846-B987-96DB9FD4FA7B}"
EndProject
Project("{9A19103F-16F7-4668-BE54-9A1E7A4F7556}") = "ViaSina", "..\..\Sites\ViaSina\ViaSina.csproj", "{E331EEC8-666C-4D7D-B562-1C3061CEDBBF}"
EndProject
Project("{9A19103F-16F7-4668-BE54-9A1E7A4F7556}") = "ViaSohu", "..\..\Sites\ViaSohu\ViaSohu.csproj", "{021A1FDF-B25D-4D82-8EDB-A89738773E1F}"
EndProject
Project("{9A19103F-16F7-4668-BE54-9A1E7A4F7556}") = "Consoles", "..\..\Libs\Consoles\Consoles.csproj", "{60E9A549-8DE8-427B-B1BC-ED6F42141F35}"
EndProject
Project("{9A19103F-16F7-4668-BE54-9A1E7A4F7556}") = "Charts", "..\..\Libs\Charts\Charts.csproj", "{E2F68C72-224F-4B16-BA9C-944CA46A8714}"
EndProject
Project("{9A19103F-16F7-4668-BE54-9A1E7A4F7556}") = "PlatformInvoke", "..\..\Libs\PlatformInvoke\PlatformInvoke.csproj", "{30EBA88C-483E-47E5-9275-CE8880864815}"
EndProject
Project("{FAE04EC0-301F-11D3-BF4B-00C04F79EFBC}") = "NetMail", "..\..\Libs\NetMail\NetMail.csproj", "{82346004-E9B1-45D6-9217-850998E8531C}"
EndProject
Global
	GlobalSection(SolutionConfigurationPlatforms) = preSolution
		Debug|Any CPU = Debug|Any CPU
		Release|Any CPU = Release|Any CPU
	EndGlobalSection
	GlobalSection(ProjectConfigurationPlatforms) = postSolution
		{7675A898-4F47-4273-A9B7-431CC378BC34}.Debug|Any CPU.ActiveCfg = Debug|Any CPU
		{7675A898-4F47-4273-A9B7-431CC378BC34}.Debug|Any CPU.Build.0 = Debug|Any CPU
		{7675A898-4F47-4273-A9B7-431CC378BC34}.Release|Any CPU.ActiveCfg = Release|Any CPU
		{7675A898-4F47-4273-A9B7-431CC378BC34}.Release|Any CPU.Build.0 = Release|Any CPU
		{70E3C88E-8BA7-404F-B801-E23B55DBAD4F}.Debug|Any CPU.ActiveCfg = Debug|Any CPU
		{70E3C88E-8BA7-404F-B801-E23B55DBAD4F}.Debug|Any CPU.Build.0 = Debug|Any CPU
		{70E3C88E-8BA7-404F-B801-E23B55DBAD4F}.Release|Any CPU.ActiveCfg = Release|Any CPU
		{70E3C88E-8BA7-404F-B801-E23B55DBAD4F}.Release|Any CPU.Build.0 = Release|Any CPU
		{88705B55-292E-45B1-AEE1-18EE034588C2}.Debug|Any CPU.ActiveCfg = Debug|Any CPU
		{88705B55-292E-45B1-AEE1-18EE034588C2}.Debug|Any CPU.Build.0 = Debug|Any CPU
		{88705B55-292E-45B1-AEE1-18EE034588C2}.Release|Any CPU.ActiveCfg = Release|Any CPU
		{88705B55-292E-45B1-AEE1-18EE034588C2}.Release|Any CPU.Build.0 = Release|Any CPU
		{EDB28AE2-1B3F-4492-8AD4-945F18B2DDCA}.Debug|Any CPU.ActiveCfg = Debug|Any CPU
		{EDB28AE2-1B3F-4492-8AD4-945F18B2DDCA}.Debug|Any CPU.Build.0 = Debug|Any CPU
		{EDB28AE2-1B3F-4492-8AD4-945F18B2DDCA}.Release|Any CPU.ActiveCfg = Release|Any CPU
		{EDB28AE2-1B3F-4492-8AD4-945F18B2DDCA}.Release|Any CPU.Build.0 = Release|Any CPU
		{D8C5A979-8774-45D1-8702-CD08782838BF}.Debug|Any CPU.ActiveCfg = Debug|Any CPU
		{D8C5A979-8774-45D1-8702-CD08782838BF}.Debug|Any CPU.Build.0 = Debug|Any CPU
		{D8C5A979-8774-45D1-8702-CD08782838BF}.Release|Any CPU.ActiveCfg = Release|Any CPU
		{D8C5A979-8774-45D1-8702-CD08782838BF}.Release|Any CPU.Build.0 = Release|Any CPU
		{FCBCF3AA-2123-4618-A77B-257D93EF2D22}.Debug|Any CPU.ActiveCfg = Debug|Any CPU
		{FCBCF3AA-2123-4618-A77B-257D93EF2D22}.Debug|Any CPU.Build.0 = Debug|Any CPU
		{FCBCF3AA-2123-4618-A77B-257D93EF2D22}.Release|Any CPU.ActiveCfg = Release|Any CPU
		{FCBCF3AA-2123-4618-A77B-257D93EF2D22}.Release|Any CPU.Build.0 = Release|Any CPU
		{F8F2A1C7-4F5B-44D6-8260-7F1F211EFE33}.Debug|Any CPU.ActiveCfg = Debug|Any CPU
		{F8F2A1C7-4F5B-44D6-8260-7F1F211EFE33}.Debug|Any CPU.Build.0 = Debug|Any CPU
		{F8F2A1C7-4F5B-44D6-8260-7F1F211EFE33}.Release|Any CPU.ActiveCfg = Release|Any CPU
		{F8F2A1C7-4F5B-44D6-8260-7F1F211EFE33}.Release|Any CPU.Build.0 = Release|Any CPU
		{0C54C9EE-DEDA-4189-BA6B-AE819A998CD5}.Debug|Any CPU.ActiveCfg = Debug|Any CPU
		{0C54C9EE-DEDA-4189-BA6B-AE819A998CD5}.Debug|Any CPU.Build.0 = Debug|Any CPU
		{0C54C9EE-DEDA-4189-BA6B-AE819A998CD5}.Release|Any CPU.ActiveCfg = Release|Any CPU
		{0C54C9EE-DEDA-4189-BA6B-AE819A998CD5}.Release|Any CPU.Build.0 = Release|Any CPU
		{1B52A8D2-07BF-410B-BC97-F3D58B71E203}.Debug|Any CPU.ActiveCfg = Debug|Any CPU
		{1B52A8D2-07BF-410B-BC97-F3D58B71E203}.Debug|Any CPU.Build.0 = Debug|Any CPU
		{1B52A8D2-07BF-410B-BC97-F3D58B71E203}.Release|Any CPU.ActiveCfg = Release|Any CPU
		{1B52A8D2-07BF-410B-BC97-F3D58B71E203}.Release|Any CPU.Build.0 = Release|Any CPU
		{FEBE2C8C-799E-4846-B987-96DB9FD4FA7B}.Debug|Any CPU.ActiveCfg = Debug|Any CPU
		{FEBE2C8C-799E-4846-B987-96DB9FD4FA7B}.Debug|Any CPU.Build.0 = Debug|Any CPU
		{FEBE2C8C-799E-4846-B987-96DB9FD4FA7B}.Release|Any CPU.ActiveCfg = Release|Any CPU
		{FEBE2C8C-799E-4846-B987-96DB9FD4FA7B}.Release|Any CPU.Build.0 = Release|Any CPU
		{E331EEC8-666C-4D7D-B562-1C3061CEDBBF}.Debug|Any CPU.ActiveCfg = Debug|Any CPU
		{E331EEC8-666C-4D7D-B562-1C3061CEDBBF}.Debug|Any CPU.Build.0 = Debug|Any CPU
		{E331EEC8-666C-4D7D-B562-1C3061CEDBBF}.Release|Any CPU.ActiveCfg = Release|Any CPU
		{E331EEC8-666C-4D7D-B562-1C3061CEDBBF}.Release|Any CPU.Build.0 = Release|Any CPU
		{021A1FDF-B25D-4D82-8EDB-A89738773E1F}.Debug|Any CPU.ActiveCfg = Debug|Any CPU
		{021A1FDF-B25D-4D82-8EDB-A89738773E1F}.Debug|Any CPU.Build.0 = Debug|Any CPU
		{021A1FDF-B25D-4D82-8EDB-A89738773E1F}.Release|Any CPU.ActiveCfg = Release|Any CPU
		{021A1FDF-B25D-4D82-8EDB-A89738773E1F}.Release|Any CPU.Build.0 = Release|Any CPU
		{60E9A549-8DE8-427B-B1BC-ED6F42141F35}.Debug|Any CPU.ActiveCfg = Debug|Any CPU
		{60E9A549-8DE8-427B-B1BC-ED6F42141F35}.Debug|Any CPU.Build.0 = Debug|Any CPU
		{60E9A549-8DE8-427B-B1BC-ED6F42141F35}.Release|Any CPU.ActiveCfg = Release|Any CPU
		{60E9A549-8DE8-427B-B1BC-ED6F42141F35}.Release|Any CPU.Build.0 = Release|Any CPU
		{E2F68C72-224F-4B16-BA9C-944CA46A8714}.Debug|Any CPU.ActiveCfg = Debug|Any CPU
		{E2F68C72-224F-4B16-BA9C-944CA46A8714}.Debug|Any CPU.Build.0 = Debug|Any CPU
		{E2F68C72-224F-4B16-BA9C-944CA46A8714}.Release|Any CPU.ActiveCfg = Release|Any CPU
		{E2F68C72-224F-4B16-BA9C-944CA46A8714}.Release|Any CPU.Build.0 = Release|Any CPU
		{30EBA88C-483E-47E5-9275-CE8880864815}.Debug|Any CPU.ActiveCfg = Debug|Any CPU
		{30EBA88C-483E-47E5-9275-CE8880864815}.Debug|Any CPU.Build.0 = Debug|Any CPU
		{30EBA88C-483E-47E5-9275-CE8880864815}.Release|Any CPU.ActiveCfg = Release|Any CPU
		{30EBA88C-483E-47E5-9275-CE8880864815}.Release|Any CPU.Build.0 = Release|Any CPU
		{82346004-E9B1-45D6-9217-850998E8531C}.Debug|Any CPU.ActiveCfg = Debug|Any CPU
		{82346004-E9B1-45D6-9217-850998E8531C}.Debug|Any CPU.Build.0 = Debug|Any CPU
		{82346004-E9B1-45D6-9217-850998E8531C}.Release|Any CPU.ActiveCfg = Release|Any CPU
		{82346004-E9B1-45D6-9217-850998E8531C}.Release|Any CPU.Build.0 = Release|Any CPU
	EndGlobalSection
	GlobalSection(SolutionProperties) = preSolution
		HideSolutionNode = FALSE
	EndGlobalSection
	GlobalSection(NestedProjects) = preSolution
		{7675A898-4F47-4273-A9B7-431CC378BC34} = {C7ACADA2-BA6C-4260-AD55-62823CCA6814}
		{70E3C88E-8BA7-404F-B801-E23B55DBAD4F} = {A1CCF12E-F3DA-4A4F-9FD3-56B20DB9728B}
		{88705B55-292E-45B1-AEE1-18EE034588C2} = {C7ACADA2-BA6C-4260-AD55-62823CCA6814}
		{FCBCF3AA-2123-4618-A77B-257D93EF2D22} = {C7ACADA2-BA6C-4260-AD55-62823CCA6814}
		{F8F2A1C7-4F5B-44D6-8260-7F1F211EFE33} = {C7ACADA2-BA6C-4260-AD55-62823CCA6814}
		{0C54C9EE-DEDA-4189-BA6B-AE819A998CD5} = {A1CCF12E-F3DA-4A4F-9FD3-56B20DB9728B}
		{1B52A8D2-07BF-410B-BC97-F3D58B71E203} = {A1CCF12E-F3DA-4A4F-9FD3-56B20DB9728B}
		{FEBE2C8C-799E-4846-B987-96DB9FD4FA7B} = {A1CCF12E-F3DA-4A4F-9FD3-56B20DB9728B}
		{E331EEC8-666C-4D7D-B562-1C3061CEDBBF} = {A1CCF12E-F3DA-4A4F-9FD3-56B20DB9728B}
		{021A1FDF-B25D-4D82-8EDB-A89738773E1F} = {A1CCF12E-F3DA-4A4F-9FD3-56B20DB9728B}
		{60E9A549-8DE8-427B-B1BC-ED6F42141F35} = {C7ACADA2-BA6C-4260-AD55-62823CCA6814}
		{E2F68C72-224F-4B16-BA9C-944CA46A8714} = {C7ACADA2-BA6C-4260-AD55-62823CCA6814}
		{30EBA88C-483E-47E5-9275-CE8880864815} = {C7ACADA2-BA6C-4260-AD55-62823CCA6814}
		{82346004-E9B1-45D6-9217-850998E8531C} = {C7ACADA2-BA6C-4260-AD55-62823CCA6814}
	EndGlobalSection
	GlobalSection(ExtensibilityGlobals) = postSolution
		SolutionGuid = {0411A79E-D9D7-4686-8190-6E05F219E28D}
	EndGlobalSection
EndGlobal
