
Microsoft Visual Studio Solution File, Format Version 12.00
# Visual Studio Version 17
VisualStudioVersion = 17.5.33502.453
MinimumVisualStudioVersion = 10.0.40219.1
Project("{FAE04EC0-301F-11D3-BF4B-00C04F79EFBC}") = "AttrTest", "AttrTest\AttrTest.csproj", "{D0BA0FE3-BB64-4E07-A0F5-17FCCDD68F0E}"
EndProject
Global
	GlobalSection(SolutionConfigurationPlatforms) = preSolution
		Debug|Any CPU = Debug|Any CPU
		Debug|x86 = Debug|x86
		Release|Any CPU = Release|Any CPU
		Release|x86 = Release|x86
	EndGlobalSection
	GlobalSection(ProjectConfigurationPlatforms) = postSolution
		{D0BA0FE3-BB64-4E07-A0F5-17FCCDD68F0E}.Debug|Any CPU.ActiveCfg = Debug|Any CPU
		{D0BA0FE3-BB64-4E07-A0F5-17FCCDD68F0E}.Debug|Any CPU.Build.0 = Debug|Any CPU
		{D0BA0FE3-BB64-4E07-A0F5-17FCCDD68F0E}.Debug|x86.ActiveCfg = Debug|Any CPU
		{D0BA0FE3-BB64-4E07-A0F5-17FCCDD68F0E}.Debug|x86.Build.0 = Debug|Any CPU
		{D0BA0FE3-BB64-4E07-A0F5-17FCCDD68F0E}.Release|Any CPU.ActiveCfg = Release|Any CPU
		{D0BA0FE3-BB64-4E07-A0F5-17FCCDD68F0E}.Release|Any CPU.Build.0 = Release|Any CPU
		{D0BA0FE3-BB64-4E07-A0F5-17FCCDD68F0E}.Release|x86.ActiveCfg = Release|Any CPU
		{D0BA0FE3-BB64-4E07-A0F5-17FCCDD68F0E}.Release|x86.Build.0 = Release|Any CPU
	EndGlobalSection
	GlobalSection(SolutionProperties) = preSolution
		HideSolutionNode = FALSE
	EndGlobalSection
	GlobalSection(ExtensibilityGlobals) = postSolution
		SolutionGuid = {C4E2EBEF-F492-40C7-8B53-C8D57775ACCE}
	EndGlobalSection
EndGlobal
