
Microsoft Visual Studio Solution File, Format Version 12.00
# Visual Studio Version 17
VisualStudioVersion = 17.5.33502.453
MinimumVisualStudioVersion = 10.0.40219.1
Project("{FAE04EC0-301F-11D3-BF4B-00C04F79EFBC}") = "AttrTest", "AttrTest\AttrTest.csproj", "{D0BA0FE3-BB64-4E07-A0F5-17FCCDD68F0E}"
EndProject
Project("{FAE04EC0-301F-11D3-BF4B-00C04F79EFBC}") = "AttrRead", "AttrRead\AttrRead.csproj", "{E97B9879-BD64-4C47-9F5A-48F09274284D}"
EndProject
Project("{F184B08F-C81C-45F6-A57F-5ABD9991F28F}") = "AttrVB", "AttrVB\AttrVB.vbproj", "{7EB01D36-301B-47A9-B25A-FC8F8218509F}"
EndProject
Project("{9A19103F-16F7-4668-BE54-9A1E7A4F7556}") = "Consoles", "..\..\Libs\Consoles\Consoles.csproj", "{EAEA6B94-AB5A-425C-AFB4-90D769253FDA}"
EndProject
Project("{9A19103F-16F7-4668-BE54-9A1E7A4F7556}") = "Lost", "Lost\Lost.csproj", "{535ED973-4629-43E6-90CD-7E0C1FC40020}"
EndProject
Project("{FAE04EC0-301F-11D3-BF4B-00C04F79EFBC}") = "Attre", "Attre\Attre.csproj", "{B12CC7DA-58C8-41DA-9C8A-487D89F178C3}"
EndProject
Global
	GlobalSection(SolutionConfigurationPlatforms) = preSolution
		Debug|Any CPU = Debug|Any CPU
		Debug|x86 = Debug|x86
		Release|Any CPU = Release|Any CPU
		Release|x86 = Release|x86
	EndGlobalSection
	GlobalSection(ProjectConfigurationPlatforms) = postSolution
		{D0BA0FE3-BB64-4E07-A0F5-17FCCDD68F0E}.Debug|Any CPU.ActiveCfg = Debug|Any CPU
		{D0BA0FE3-BB64-4E07-A0F5-17FCCDD68F0E}.Debug|Any CPU.Build.0 = Debug|Any CPU
		{D0BA0FE3-BB64-4E07-A0F5-17FCCDD68F0E}.Debug|x86.ActiveCfg = Debug|Any CPU
		{D0BA0FE3-BB64-4E07-A0F5-17FCCDD68F0E}.Debug|x86.Build.0 = Debug|Any CPU
		{D0BA0FE3-BB64-4E07-A0F5-17FCCDD68F0E}.Release|Any CPU.ActiveCfg = Release|Any CPU
		{D0BA0FE3-BB64-4E07-A0F5-17FCCDD68F0E}.Release|Any CPU.Build.0 = Release|Any CPU
		{D0BA0FE3-BB64-4E07-A0F5-17FCCDD68F0E}.Release|x86.ActiveCfg = Release|Any CPU
		{D0BA0FE3-BB64-4E07-A0F5-17FCCDD68F0E}.Release|x86.Build.0 = Release|Any CPU
		{E97B9879-BD64-4C47-9F5A-48F09274284D}.Debug|Any CPU.ActiveCfg = Debug|Any CPU
		{E97B9879-BD64-4C47-9F5A-48F09274284D}.Debug|Any CPU.Build.0 = Debug|Any CPU
		{E97B9879-BD64-4C47-9F5A-48F09274284D}.Debug|x86.ActiveCfg = Debug|Any CPU
		{E97B9879-BD64-4C47-9F5A-48F09274284D}.Debug|x86.Build.0 = Debug|Any CPU
		{E97B9879-BD64-4C47-9F5A-48F09274284D}.Release|Any CPU.ActiveCfg = Release|Any CPU
		{E97B9879-BD64-4C47-9F5A-48F09274284D}.Release|Any CPU.Build.0 = Release|Any CPU
		{E97B9879-BD64-4C47-9F5A-48F09274284D}.Release|x86.ActiveCfg = Release|Any CPU
		{E97B9879-BD64-4C47-9F5A-48F09274284D}.Release|x86.Build.0 = Release|Any CPU
		{7EB01D36-301B-47A9-B25A-FC8F8218509F}.Debug|Any CPU.ActiveCfg = Debug|Any CPU
		{7EB01D36-301B-47A9-B25A-FC8F8218509F}.Debug|Any CPU.Build.0 = Debug|Any CPU
		{7EB01D36-301B-47A9-B25A-FC8F8218509F}.Debug|x86.ActiveCfg = Debug|Any CPU
		{7EB01D36-301B-47A9-B25A-FC8F8218509F}.Debug|x86.Build.0 = Debug|Any CPU
		{7EB01D36-301B-47A9-B25A-FC8F8218509F}.Release|Any CPU.ActiveCfg = Release|Any CPU
		{7EB01D36-301B-47A9-B25A-FC8F8218509F}.Release|Any CPU.Build.0 = Release|Any CPU
		{7EB01D36-301B-47A9-B25A-FC8F8218509F}.Release|x86.ActiveCfg = Release|Any CPU
		{7EB01D36-301B-47A9-B25A-FC8F8218509F}.Release|x86.Build.0 = Release|Any CPU
		{EAEA6B94-AB5A-425C-AFB4-90D769253FDA}.Debug|Any CPU.ActiveCfg = Debug|Any CPU
		{EAEA6B94-AB5A-425C-AFB4-90D769253FDA}.Debug|Any CPU.Build.0 = Debug|Any CPU
		{EAEA6B94-AB5A-425C-AFB4-90D769253FDA}.Debug|x86.ActiveCfg = Debug|Any CPU
		{EAEA6B94-AB5A-425C-AFB4-90D769253FDA}.Debug|x86.Build.0 = Debug|Any CPU
		{EAEA6B94-AB5A-425C-AFB4-90D769253FDA}.Release|Any CPU.ActiveCfg = Release|Any CPU
		{EAEA6B94-AB5A-425C-AFB4-90D769253FDA}.Release|Any CPU.Build.0 = Release|Any CPU
		{EAEA6B94-AB5A-425C-AFB4-90D769253FDA}.Release|x86.ActiveCfg = Release|Any CPU
		{EAEA6B94-AB5A-425C-AFB4-90D769253FDA}.Release|x86.Build.0 = Release|Any CPU
		{535ED973-4629-43E6-90CD-7E0C1FC40020}.Debug|Any CPU.ActiveCfg = Debug|Any CPU
		{535ED973-4629-43E6-90CD-7E0C1FC40020}.Debug|Any CPU.Build.0 = Debug|Any CPU
		{535ED973-4629-43E6-90CD-7E0C1FC40020}.Debug|x86.ActiveCfg = Debug|Any CPU
		{535ED973-4629-43E6-90CD-7E0C1FC40020}.Debug|x86.Build.0 = Debug|Any CPU
		{535ED973-4629-43E6-90CD-7E0C1FC40020}.Release|Any CPU.ActiveCfg = Release|Any CPU
		{535ED973-4629-43E6-90CD-7E0C1FC40020}.Release|Any CPU.Build.0 = Release|Any CPU
		{535ED973-4629-43E6-90CD-7E0C1FC40020}.Release|x86.ActiveCfg = Release|Any CPU
		{535ED973-4629-43E6-90CD-7E0C1FC40020}.Release|x86.Build.0 = Release|Any CPU
		{B12CC7DA-58C8-41DA-9C8A-487D89F178C3}.Debug|Any CPU.ActiveCfg = Debug|Any CPU
		{B12CC7DA-58C8-41DA-9C8A-487D89F178C3}.Debug|Any CPU.Build.0 = Debug|Any CPU
		{B12CC7DA-58C8-41DA-9C8A-487D89F178C3}.Debug|x86.ActiveCfg = Debug|Any CPU
		{B12CC7DA-58C8-41DA-9C8A-487D89F178C3}.Debug|x86.Build.0 = Debug|Any CPU
		{B12CC7DA-58C8-41DA-9C8A-487D89F178C3}.Release|Any CPU.ActiveCfg = Release|Any CPU
		{B12CC7DA-58C8-41DA-9C8A-487D89F178C3}.Release|Any CPU.Build.0 = Release|Any CPU
		{B12CC7DA-58C8-41DA-9C8A-487D89F178C3}.Release|x86.ActiveCfg = Release|Any CPU
		{B12CC7DA-58C8-41DA-9C8A-487D89F178C3}.Release|x86.Build.0 = Release|Any CPU
	EndGlobalSection
	GlobalSection(SolutionProperties) = preSolution
		HideSolutionNode = FALSE
	EndGlobalSection
	GlobalSection(ExtensibilityGlobals) = postSolution
		SolutionGuid = {C4E2EBEF-F492-40C7-8B53-C8D57775ACCE}
	EndGlobalSection
EndGlobal
