
Microsoft Visual Studio Solution File, Format Version 12.00
# Visual Studio Version 17
VisualStudioVersion = 17.7.34003.232
MinimumVisualStudioVersion = 10.0.40219.1
Project("{2150E333-8FDC-42A3-9474-1A3956D46DE8}") = "Infrastructures", "Infrastructures", "{B3D7869F-679A-4F46-82CD-62C8AB1B363B}"
EndProject
Project("{9A19103F-16F7-4668-BE54-9A1E7A4F7556}") = "ServiceCentre", "..\..\Infrastructures\ServiceCentre\ServiceCentre.csproj", "{87BABC9F-122D-4ED1-AD52-F9AA51B9D4F0}"
EndProject
Project("{9A19103F-16F7-4668-BE54-9A1E7A4F7556}") = "Common", "..\..\Infrastructures\Common\Common.csproj", "{D67306D2-301A-4E87-A957-FEF2F15A9DB4}"
EndProject
Project("{9A19103F-16F7-4668-BE54-9A1E7A4F7556}") = "Charts", "..\..\Infrastructures\Charts\Charts.csproj", "{2F49B04A-8105-4B42-BBD5-B144AD85C2F3}"
EndProject
Project("{9A19103F-16F7-4668-BE54-9A1E7A4F7556}") = "DependecyInjection", "..\..\Infrastructures\DependecyInjection\DependecyInjection.csproj", "{7908A8DC-D0D6-4E20-9CF4-AA99FD144DEE}"
EndProject
Project("{9A19103F-16F7-4668-BE54-9A1E7A4F7556}") = "GeneralImpl", "..\..\Infrastructures\GeneralImpl\GeneralImpl.csproj", "{0E852853-5D64-40A4-9ABB-9B3685A62593}"
EndProject
Project("{9A19103F-16F7-4668-BE54-9A1E7A4F7556}") = "WebAutomator", "..\..\Infrastructures\WebAutomator\WebAutomator.csproj", "{CE73D392-53A0-41BF-9C90-64F187193B16}"
EndProject
Project("{9A19103F-16F7-4668-BE54-9A1E7A4F7556}") = "Abacus", "..\..\Infrastructures\Abacus\Abacus.csproj", "{11F65646-79EE-4F49-8B26-CFD64874F4A0}"
EndProject
Global
	GlobalSection(SolutionConfigurationPlatforms) = preSolution
		Debug|Any CPU = Debug|Any CPU
		Release|Any CPU = Release|Any CPU
	EndGlobalSection
	GlobalSection(ProjectConfigurationPlatforms) = postSolution
		{87BABC9F-122D-4ED1-AD52-F9AA51B9D4F0}.Debug|Any CPU.ActiveCfg = Debug|Any CPU
		{87BABC9F-122D-4ED1-AD52-F9AA51B9D4F0}.Debug|Any CPU.Build.0 = Debug|Any CPU
		{87BABC9F-122D-4ED1-AD52-F9AA51B9D4F0}.Release|Any CPU.ActiveCfg = Release|Any CPU
		{87BABC9F-122D-4ED1-AD52-F9AA51B9D4F0}.Release|Any CPU.Build.0 = Release|Any CPU
		{D67306D2-301A-4E87-A957-FEF2F15A9DB4}.Debug|Any CPU.ActiveCfg = Debug|Any CPU
		{D67306D2-301A-4E87-A957-FEF2F15A9DB4}.Debug|Any CPU.Build.0 = Debug|Any CPU
		{D67306D2-301A-4E87-A957-FEF2F15A9DB4}.Release|Any CPU.ActiveCfg = Release|Any CPU
		{D67306D2-301A-4E87-A957-FEF2F15A9DB4}.Release|Any CPU.Build.0 = Release|Any CPU
		{2F49B04A-8105-4B42-BBD5-B144AD85C2F3}.Debug|Any CPU.ActiveCfg = Debug|Any CPU
		{2F49B04A-8105-4B42-BBD5-B144AD85C2F3}.Debug|Any CPU.Build.0 = Debug|Any CPU
		{2F49B04A-8105-4B42-BBD5-B144AD85C2F3}.Release|Any CPU.ActiveCfg = Release|Any CPU
		{2F49B04A-8105-4B42-BBD5-B144AD85C2F3}.Release|Any CPU.Build.0 = Release|Any CPU
		{7908A8DC-D0D6-4E20-9CF4-AA99FD144DEE}.Debug|Any CPU.ActiveCfg = Debug|Any CPU
		{7908A8DC-D0D6-4E20-9CF4-AA99FD144DEE}.Debug|Any CPU.Build.0 = Debug|Any CPU
		{7908A8DC-D0D6-4E20-9CF4-AA99FD144DEE}.Release|Any CPU.ActiveCfg = Release|Any CPU
		{7908A8DC-D0D6-4E20-9CF4-AA99FD144DEE}.Release|Any CPU.Build.0 = Release|Any CPU
		{0E852853-5D64-40A4-9ABB-9B3685A62593}.Debug|Any CPU.ActiveCfg = Debug|Any CPU
		{0E852853-5D64-40A4-9ABB-9B3685A62593}.Debug|Any CPU.Build.0 = Debug|Any CPU
		{0E852853-5D64-40A4-9ABB-9B3685A62593}.Release|Any CPU.ActiveCfg = Release|Any CPU
		{0E852853-5D64-40A4-9ABB-9B3685A62593}.Release|Any CPU.Build.0 = Release|Any CPU
		{CE73D392-53A0-41BF-9C90-64F187193B16}.Debug|Any CPU.ActiveCfg = Debug|Any CPU
		{CE73D392-53A0-41BF-9C90-64F187193B16}.Debug|Any CPU.Build.0 = Debug|Any CPU
		{CE73D392-53A0-41BF-9C90-64F187193B16}.Release|Any CPU.ActiveCfg = Release|Any CPU
		{CE73D392-53A0-41BF-9C90-64F187193B16}.Release|Any CPU.Build.0 = Release|Any CPU
		{11F65646-79EE-4F49-8B26-CFD64874F4A0}.Debug|Any CPU.ActiveCfg = Debug|Any CPU
		{11F65646-79EE-4F49-8B26-CFD64874F4A0}.Debug|Any CPU.Build.0 = Debug|Any CPU
		{11F65646-79EE-4F49-8B26-CFD64874F4A0}.Release|Any CPU.ActiveCfg = Release|Any CPU
		{11F65646-79EE-4F49-8B26-CFD64874F4A0}.Release|Any CPU.Build.0 = Release|Any CPU
	EndGlobalSection
	GlobalSection(SolutionProperties) = preSolution
		HideSolutionNode = FALSE
	EndGlobalSection
	GlobalSection(NestedProjects) = preSolution
		{87BABC9F-122D-4ED1-AD52-F9AA51B9D4F0} = {B3D7869F-679A-4F46-82CD-62C8AB1B363B}
		{D67306D2-301A-4E87-A957-FEF2F15A9DB4} = {B3D7869F-679A-4F46-82CD-62C8AB1B363B}
		{2F49B04A-8105-4B42-BBD5-B144AD85C2F3} = {B3D7869F-679A-4F46-82CD-62C8AB1B363B}
		{7908A8DC-D0D6-4E20-9CF4-AA99FD144DEE} = {B3D7869F-679A-4F46-82CD-62C8AB1B363B}
		{0E852853-5D64-40A4-9ABB-9B3685A62593} = {B3D7869F-679A-4F46-82CD-62C8AB1B363B}
		{CE73D392-53A0-41BF-9C90-64F187193B16} = {B3D7869F-679A-4F46-82CD-62C8AB1B363B}
		{11F65646-79EE-4F49-8B26-CFD64874F4A0} = {B3D7869F-679A-4F46-82CD-62C8AB1B363B}
	EndGlobalSection
	GlobalSection(ExtensibilityGlobals) = postSolution
		SolutionGuid = {8225F0FD-77EF-415F-875C-C81BBC20BAFA}
	EndGlobalSection
EndGlobal
