
Microsoft Visual Studio Solution File, Format Version 12.00
# Visual Studio 15
VisualStudioVersion = 15.0.28307.1705
MinimumVisualStudioVersion = 10.0.40219.1
Project("{9A19103F-16F7-4668-BE54-9A1E7A4F7556}") = "EmQuantApiCSharpSample", "EmQuantApiCSharpSample\EmQuantApiCSharpSample.csproj", "{A38EF33A-05B9-49D1-9C60-FB745E183CD9}"
EndProject
Global
	GlobalSection(SolutionConfigurationPlatforms) = preSolution
		Debug|Any CPU = Debug|Any CPU
		Debug|x64 = Debug|x64
		Release|Any CPU = Release|Any CPU
		Release|x64 = Release|x64
	EndGlobalSection
	GlobalSection(ProjectConfigurationPlatforms) = postSolution
		{A38EF33A-05B9-49D1-9C60-FB745E183CD9}.Debug|Any CPU.ActiveCfg = Debug|Any CPU
		{A38EF33A-05B9-49D1-9C60-FB745E183CD9}.Debug|Any CPU.Build.0 = Debug|Any CPU
		{A38EF33A-05B9-49D1-9C60-FB745E183CD9}.Debug|x64.ActiveCfg = Debug|Any CPU
		{A38EF33A-05B9-49D1-9C60-FB745E183CD9}.Debug|x64.Build.0 = Debug|Any CPU
		{A38EF33A-05B9-49D1-9C60-FB745E183CD9}.Release|Any CPU.ActiveCfg = Release|Any CPU
		{A38EF33A-05B9-49D1-9C60-FB745E183CD9}.Release|Any CPU.Build.0 = Release|Any CPU
		{A38EF33A-05B9-49D1-9C60-FB745E183CD9}.Release|x64.ActiveCfg = Release|Any CPU
		{A38EF33A-05B9-49D1-9C60-FB745E183CD9}.Release|x64.Build.0 = Release|Any CPU
	EndGlobalSection
	GlobalSection(SolutionProperties) = preSolution
		HideSolutionNode = FALSE
	EndGlobalSection
	GlobalSection(ExtensibilityGlobals) = postSolution
		SolutionGuid = {75F3523A-5DF6-4374-B4BA-83F89BF37F3B}
	EndGlobalSection
EndGlobal
