
Microsoft Visual Studio Solution File, Format Version 12.00
# Visual Studio Version 17
VisualStudioVersion = 17.5.33502.453
MinimumVisualStudioVersion = 10.0.40219.1
Project("{9A19103F-16F7-4668-BE54-9A1E7A4F7556}") = "CcarAgent", "CcarAgent\CcarAgent.csproj", "{F2A02887-68B4-438A-93D1-B14C2D79F613}"
EndProject
Project("{2150E333-8FDC-42A3-9474-1A3956D46DE8}") = "Labs", "Labs", "{C84FAEFA-D87B-4EB3-8D51-DC986595C3C0}"
EndProject
Project("{9A19103F-16F7-4668-BE54-9A1E7A4F7556}") = "Web", "Web\Web.csproj", "{2C29C9BC-C44A-414D-93E5-574E42B0EFB9}"
EndProject
Global
	GlobalSection(SolutionConfigurationPlatforms) = preSolution
		Debug|Any CPU = Debug|Any CPU
		Release|Any CPU = Release|Any CPU
	EndGlobalSection
	GlobalSection(ProjectConfigurationPlatforms) = postSolution
		{F2A02887-68B4-438A-93D1-B14C2D79F613}.Debug|Any CPU.ActiveCfg = Debug|Any CPU
		{F2A02887-68B4-438A-93D1-B14C2D79F613}.Debug|Any CPU.Build.0 = Debug|Any CPU
		{F2A02887-68B4-438A-93D1-B14C2D79F613}.Release|Any CPU.ActiveCfg = Release|Any CPU
		{F2A02887-68B4-438A-93D1-B14C2D79F613}.Release|Any CPU.Build.0 = Release|Any CPU
		{2C29C9BC-C44A-414D-93E5-574E42B0EFB9}.Debug|Any CPU.ActiveCfg = Debug|Any CPU
		{2C29C9BC-C44A-414D-93E5-574E42B0EFB9}.Debug|Any CPU.Build.0 = Debug|Any CPU
		{2C29C9BC-C44A-414D-93E5-574E42B0EFB9}.Release|Any CPU.ActiveCfg = Release|Any CPU
		{2C29C9BC-C44A-414D-93E5-574E42B0EFB9}.Release|Any CPU.Build.0 = Release|Any CPU
	EndGlobalSection
	GlobalSection(SolutionProperties) = preSolution
		HideSolutionNode = FALSE
	EndGlobalSection
	GlobalSection(NestedProjects) = preSolution
		{F2A02887-68B4-438A-93D1-B14C2D79F613} = {C84FAEFA-D87B-4EB3-8D51-DC986595C3C0}
		{2C29C9BC-C44A-414D-93E5-574E42B0EFB9} = {C84FAEFA-D87B-4EB3-8D51-DC986595C3C0}
	EndGlobalSection
	GlobalSection(ExtensibilityGlobals) = postSolution
		SolutionGuid = {D58FE182-81D2-4531-BAE9-9EB54144082D}
	EndGlobalSection
EndGlobal
