
Microsoft Visual Studio Solution File, Format Version 12.00
# Visual Studio Version 17
VisualStudioVersion = 17.5.33502.453
MinimumVisualStudioVersion = 10.0.40219.1
Project("{9A19103F-16F7-4668-BE54-9A1E7A4F7556}") = "CcarAgent", "CcarAgent\CcarAgent.csproj", "{F2A02887-68B4-438A-93D1-B14C2D79F613}"
EndProject
Project("{2150E333-8FDC-42A3-9474-1A3956D46DE8}") = "1.Presentation", "1.Presentation", "{C84FAEFA-D87B-4EB3-8D51-DC986595C3C0}"
EndProject
Project("{2150E333-8FDC-42A3-9474-1A3956D46DE8}") = "externalItems", "externalItems", "{BFF6A354-BDD3-4810-A1E0-39DF842D3431}"
EndProject
Project("{2150E333-8FDC-42A3-9474-1A3956D46DE8}") = "2.Application", "2.Application", "{4B4AB00B-CC6F-4A7D-9034-01BEA7025A14}"
EndProject
Project("{2150E333-8FDC-42A3-9474-1A3956D46DE8}") = "3.Domain", "3.Domain", "{58B6AAA1-1B2D-48B0-ACCD-67B028954EDD}"
EndProject
Project("{2150E333-8FDC-42A3-9474-1A3956D46DE8}") = "4.Infrastructrues", "4.Infrastructrues", "{A4CF4C44-DA8E-4F5B-80CD-60BF57F19B1E}"
EndProject
Project("{9A19103F-16F7-4668-BE54-9A1E7A4F7556}") = "Contracts", "..\..\Productions\Casino\Contracts\Contracts.csproj", "{B3FDB7C6-ED26-4A58-823A-219B17C3F17E}"
EndProject
Project("{9A19103F-16F7-4668-BE54-9A1E7A4F7556}") = "CcaAndReport", "..\..\Productions\Casino\CcaAndReport\CcaAndReport.csproj", "{FA2996CE-31E0-4AD9-9BC8-5C23DEA1B2CD}"
EndProject
Project("{9A19103F-16F7-4668-BE54-9A1E7A4F7556}") = "Web", "Web\Web.csproj", "{2C29C9BC-C44A-414D-93E5-574E42B0EFB9}"
EndProject
Project("{9A19103F-16F7-4668-BE54-9A1E7A4F7556}") = "Indicators", "..\..\Libs\Indicators\Indicators.csproj", "{EDD5B199-43FB-4EE4-9E47-7AD333C4303B}"
EndProject
Project("{9A19103F-16F7-4668-BE54-9A1E7A4F7556}") = "Charts", "..\..\Libs\Charts\Charts.csproj", "{CC9B8A2B-5086-4CC9-9AB6-CDAC9E205175}"
EndProject
Global
	GlobalSection(SolutionConfigurationPlatforms) = preSolution
		Debug|Any CPU = Debug|Any CPU
		Release|Any CPU = Release|Any CPU
	EndGlobalSection
	GlobalSection(ProjectConfigurationPlatforms) = postSolution
		{F2A02887-68B4-438A-93D1-B14C2D79F613}.Debug|Any CPU.ActiveCfg = Debug|Any CPU
		{F2A02887-68B4-438A-93D1-B14C2D79F613}.Debug|Any CPU.Build.0 = Debug|Any CPU
		{F2A02887-68B4-438A-93D1-B14C2D79F613}.Release|Any CPU.ActiveCfg = Release|Any CPU
		{F2A02887-68B4-438A-93D1-B14C2D79F613}.Release|Any CPU.Build.0 = Release|Any CPU
		{B3FDB7C6-ED26-4A58-823A-219B17C3F17E}.Debug|Any CPU.ActiveCfg = Debug|Any CPU
		{B3FDB7C6-ED26-4A58-823A-219B17C3F17E}.Debug|Any CPU.Build.0 = Debug|Any CPU
		{B3FDB7C6-ED26-4A58-823A-219B17C3F17E}.Release|Any CPU.ActiveCfg = Release|Any CPU
		{B3FDB7C6-ED26-4A58-823A-219B17C3F17E}.Release|Any CPU.Build.0 = Release|Any CPU
		{FA2996CE-31E0-4AD9-9BC8-5C23DEA1B2CD}.Debug|Any CPU.ActiveCfg = Debug|Any CPU
		{FA2996CE-31E0-4AD9-9BC8-5C23DEA1B2CD}.Debug|Any CPU.Build.0 = Debug|Any CPU
		{FA2996CE-31E0-4AD9-9BC8-5C23DEA1B2CD}.Release|Any CPU.ActiveCfg = Release|Any CPU
		{FA2996CE-31E0-4AD9-9BC8-5C23DEA1B2CD}.Release|Any CPU.Build.0 = Release|Any CPU
		{2C29C9BC-C44A-414D-93E5-574E42B0EFB9}.Debug|Any CPU.ActiveCfg = Debug|Any CPU
		{2C29C9BC-C44A-414D-93E5-574E42B0EFB9}.Debug|Any CPU.Build.0 = Debug|Any CPU
		{2C29C9BC-C44A-414D-93E5-574E42B0EFB9}.Release|Any CPU.ActiveCfg = Release|Any CPU
		{2C29C9BC-C44A-414D-93E5-574E42B0EFB9}.Release|Any CPU.Build.0 = Release|Any CPU
		{EDD5B199-43FB-4EE4-9E47-7AD333C4303B}.Debug|Any CPU.ActiveCfg = Debug|Any CPU
		{EDD5B199-43FB-4EE4-9E47-7AD333C4303B}.Debug|Any CPU.Build.0 = Debug|Any CPU
		{EDD5B199-43FB-4EE4-9E47-7AD333C4303B}.Release|Any CPU.ActiveCfg = Release|Any CPU
		{EDD5B199-43FB-4EE4-9E47-7AD333C4303B}.Release|Any CPU.Build.0 = Release|Any CPU
		{CC9B8A2B-5086-4CC9-9AB6-CDAC9E205175}.Debug|Any CPU.ActiveCfg = Debug|Any CPU
		{CC9B8A2B-5086-4CC9-9AB6-CDAC9E205175}.Debug|Any CPU.Build.0 = Debug|Any CPU
		{CC9B8A2B-5086-4CC9-9AB6-CDAC9E205175}.Release|Any CPU.ActiveCfg = Release|Any CPU
		{CC9B8A2B-5086-4CC9-9AB6-CDAC9E205175}.Release|Any CPU.Build.0 = Release|Any CPU
	EndGlobalSection
	GlobalSection(SolutionProperties) = preSolution
		HideSolutionNode = FALSE
	EndGlobalSection
	GlobalSection(NestedProjects) = preSolution
		{F2A02887-68B4-438A-93D1-B14C2D79F613} = {C84FAEFA-D87B-4EB3-8D51-DC986595C3C0}
		{4B4AB00B-CC6F-4A7D-9034-01BEA7025A14} = {BFF6A354-BDD3-4810-A1E0-39DF842D3431}
		{58B6AAA1-1B2D-48B0-ACCD-67B028954EDD} = {BFF6A354-BDD3-4810-A1E0-39DF842D3431}
		{A4CF4C44-DA8E-4F5B-80CD-60BF57F19B1E} = {BFF6A354-BDD3-4810-A1E0-39DF842D3431}
		{B3FDB7C6-ED26-4A58-823A-219B17C3F17E} = {58B6AAA1-1B2D-48B0-ACCD-67B028954EDD}
		{FA2996CE-31E0-4AD9-9BC8-5C23DEA1B2CD} = {4B4AB00B-CC6F-4A7D-9034-01BEA7025A14}
		{2C29C9BC-C44A-414D-93E5-574E42B0EFB9} = {C84FAEFA-D87B-4EB3-8D51-DC986595C3C0}
		{EDD5B199-43FB-4EE4-9E47-7AD333C4303B} = {A4CF4C44-DA8E-4F5B-80CD-60BF57F19B1E}
		{CC9B8A2B-5086-4CC9-9AB6-CDAC9E205175} = {A4CF4C44-DA8E-4F5B-80CD-60BF57F19B1E}
	EndGlobalSection
	GlobalSection(ExtensibilityGlobals) = postSolution
		SolutionGuid = {D58FE182-81D2-4531-BAE9-9EB54144082D}
	EndGlobalSection
EndGlobal
